<?xml version="1.0" encoding="utf-8"?>
<Project ToolsVersion="4.0" xmlns="http://schemas.microsoft.com/developer/msbuild/2003">
  <ItemGroup>
    <ClCompile Include="Source\Application.cpp">
      <Filter>SourceFiles\Engine\Application</Filter>
    </ClCompile>
    <ClCompile Include="Source\Log.cpp">
      <Filter>SourceFiles\Engine\Application</Filter>
    </ClCompile>
    <ClCompile Include="Source\Main.cpp">
      <Filter>SourceFiles\Engine\Application</Filter>
    </ClCompile>
    <ClCompile Include="Source\ModuleAudio.cpp">
      <Filter>SourceFiles\Engine\Modules</Filter>
    </ClCompile>
    <ClCompile Include="Source\ModuleInput.cpp">
      <Filter>SourceFiles\Engine\Modules</Filter>
    </ClCompile>
    <ClCompile Include="Source\ModulePhysics.cpp">
      <Filter>SourceFiles\Engine\Modules</Filter>
    </ClCompile>
    <ClCompile Include="Source\ModulePlayer.cpp">
      <Filter>SourceFiles\Engine\Modules</Filter>
    </ClCompile>
    <ClCompile Include="Source\ModuleRender.cpp">
      <Filter>SourceFiles\Engine\Modules</Filter>
    </ClCompile>
    <ClCompile Include="Source\ModuleTextures.cpp">
      <Filter>SourceFiles\Engine\Modules</Filter>
    </ClCompile>
    <ClCompile Include="Source\ModuleWindow.cpp">
      <Filter>SourceFiles\Engine\Modules</Filter>
    </ClCompile>
    <ClCompile Include="Source\ModuleScene.cpp">
      <Filter>SourceFiles\Engine\Modules</Filter>
    </ClCompile>
    <ClCompile Include="Source\Scene.cpp">
      <Filter>SourceFiles\Engine\Tools</Filter>
    </ClCompile>
    <ClCompile Include="Source\SceneIntro.cpp">
      <Filter>SourceFiles\Engine\Modules</Filter>
    </ClCompile>
  </ItemGroup>
  <ItemGroup>
    <ClInclude Include="Source\Application.h">
      <Filter>HeaderFiles\Engine\Application</Filter>
    </ClInclude>
    <ClInclude Include="Source\Globals.h">
      <Filter>HeaderFiles\Engine\Application</Filter>
    </ClInclude>
    <ClInclude Include="Source\MemLeaks.h">
      <Filter>HeaderFiles\Engine\Application</Filter>
    </ClInclude>
    <ClInclude Include="Source\Animation.h">
      <Filter>HeaderFiles\Engine\Tools</Filter>
    </ClInclude>
    <ClInclude Include="Source\Module.h">
      <Filter>HeaderFiles\Engine\Modules</Filter>
    </ClInclude>
    <ClInclude Include="Source\ModuleAudio.h">
      <Filter>HeaderFiles\Engine\Modules</Filter>
    </ClInclude>
    <ClInclude Include="Source\ModuleInput.h">
      <Filter>HeaderFiles\Engine\Modules</Filter>
    </ClInclude>
    <ClInclude Include="Source\ModulePhysics.h">
      <Filter>HeaderFiles\Engine\Modules</Filter>
    </ClInclude>
    <ClInclude Include="Source\ModulePlayer.h">
      <Filter>HeaderFiles\Engine\Modules</Filter>
    </ClInclude>
    <ClInclude Include="Source\ModuleRender.h">
      <Filter>HeaderFiles\Engine\Modules</Filter>
    </ClInclude>
    <ClInclude Include="Source\ModuleTextures.h">
      <Filter>HeaderFiles\Engine\Modules</Filter>
    </ClInclude>
    <ClInclude Include="Source\ModuleWindow.h">
      <Filter>HeaderFiles\Engine\Modules</Filter>
    </ClInclude>
    <ClInclude Include="Source\p2DynArray.h">
      <Filter>HeaderFiles\Engine\Tools</Filter>
    </ClInclude>
    <ClInclude Include="Source\p2Point.h">
      <Filter>HeaderFiles\Engine\Tools</Filter>
    </ClInclude>
    <ClInclude Include="Source\p2List.h">
      <Filter>HeaderFiles\Engine\Tools</Filter>
    </ClInclude>
    <ClInclude Include="Source\Point.h">
      <Filter>HeaderFiles\Engine\Tools</Filter>
    </ClInclude>
    <ClInclude Include="Source\ModuleScene.h">
      <Filter>HeaderFiles\Engine\Modules</Filter>
    </ClInclude>
    <ClInclude Include="Source\Scene.h">
      <Filter>HeaderFiles\Engine\Tools</Filter>
    </ClInclude>
    <ClInclude Include="Source\SceneIntro.h">
      <Filter>HeaderFiles\Engine\Modules</Filter>
    </ClInclude>
  </ItemGroup>
  <ItemGroup>
    <Filter Include="SourceFiles">
      <UniqueIdentifier>{acea116e-0434-4eed-bb7c-1e0d54b9b844}</UniqueIdentifier>
    </Filter>
    <Filter Include="SourceFiles\Engine">
      <UniqueIdentifier>{ba7f6d57-6773-448d-be69-1d5ad3efafb5}</UniqueIdentifier>
    </Filter>
    <Filter Include="SourceFiles\Engine\Application">
      <UniqueIdentifier>{cebad247-0147-4b48-9ba2-091aff9234a7}</UniqueIdentifier>
    </Filter>
    <Filter Include="SourceFiles\Engine\Modules">
      <UniqueIdentifier>{53bee521-177f-4b1f-b212-33fe2921e538}</UniqueIdentifier>
    </Filter>
    <Filter Include="SourceFiles\Engine\Tools">
      <UniqueIdentifier>{cd52fadd-93a4-4dc0-95e8-d9cabfcea7d2}</UniqueIdentifier>
    </Filter>
    <Filter Include="HeaderFiles">
      <UniqueIdentifier>{2937d486-6e6d-4b67-b5b0-5ec3aebacbbc}</UniqueIdentifier>
    </Filter>
    <Filter Include="HeaderFiles\Engine">
      <UniqueIdentifier>{ff697247-3ebf-4c58-9d87-bc4abebb8a6d}</UniqueIdentifier>
    </Filter>
    <Filter Include="HeaderFiles\Engine\Application">
      <UniqueIdentifier>{cf766574-8c47-43fe-ad9e-b99c30b17acf}</UniqueIdentifier>
    </Filter>
    <Filter Include="HeaderFiles\Engine\Modules">
      <UniqueIdentifier>{bce7aaa8-cb60-456b-90c0-9f3573b92afe}</UniqueIdentifier>
    </Filter>
    <Filter Include="HeaderFiles\Engine\Tools">
      <UniqueIdentifier>{63790ed0-e705-4cea-a5ea-ae468cc0a9b2}</UniqueIdentifier>
    </Filter>
  </ItemGroup>
</Project>