<?xml version="1.0" encoding="utf-8"?>
<Project ToolsVersion="4.0" xmlns="http://schemas.microsoft.com/developer/msbuild/2003">
  <ItemGroup>
    <ClCompile Include="Application.cpp">
      <Filter>SourceFiles\Engine\Application</Filter>
    </ClCompile>
    <ClCompile Include="GameObject.cpp">
      <Filter>SourceFiles\Engine\BaseClasses</Filter>
    </ClCompile>
    <ClCompile Include="Log.cpp">
      <Filter>HeaderFiles\Engine\Tools</Filter>
    </ClCompile>
    <ClCompile Include="Main.cpp">
      <Filter>HeaderFiles\Engine\Application</Filter>
    </ClCompile>
    <ClCompile Include="ModuleAudio.cpp">
      <Filter>SourceFiles\Engine\Modules</Filter>
    </ClCompile>
    <ClCompile Include="ModuleInput.cpp">
      <Filter>SourceFiles\Engine\Modules</Filter>
    </ClCompile>
    <ClCompile Include="ModulePhysics.cpp">
      <Filter>SourceFiles\Engine\Modules</Filter>
    </ClCompile>
    <ClCompile Include="ModulePlayer.cpp">
      <Filter>SourceFiles\Engine\Modules</Filter>
    </ClCompile>
    <ClCompile Include="ModuleRender.cpp">
      <Filter>SourceFiles\Engine\Modules</Filter>
    </ClCompile>
    <ClCompile Include="ModuleScene.cpp">
      <Filter>SourceFiles\Engine\Modules</Filter>
    </ClCompile>
    <ClCompile Include="ModuleTextures.cpp">
      <Filter>SourceFiles\Engine\Modules</Filter>
    </ClCompile>
    <ClCompile Include="ModuleUI.cpp">
      <Filter>SourceFiles\Engine\Modules</Filter>
    </ClCompile>
    <ClCompile Include="ModuleWindow.cpp">
      <Filter>SourceFiles\Engine\Modules</Filter>
    </ClCompile>
    <ClCompile Include="Scene.cpp">
      <Filter>SourceFiles\Engine\BaseClasses</Filter>
    </ClCompile>
    <ClCompile Include="SceneDebug1.cpp">
      <Filter>SourceFiles\Game</Filter>
    </ClCompile>
    <ClCompile Include="SceneDebug2.cpp">
      <Filter>SourceFiles\Game</Filter>
    </ClCompile>
    <ClCompile Include="SceneDebug3.cpp">
      <Filter>SourceFiles\Game</Filter>
    </ClCompile>
    <ClCompile Include="SceneIntro.cpp">
      <Filter>SourceFiles\Game</Filter>
    </ClCompile>
    <ClCompile Include="SceneMain.cpp">
      <Filter>SourceFiles\Game</Filter>
    </ClCompile>
    <ClCompile Include="SceneGame.cpp">
      <Filter>SourceFiles\Game</Filter>
    </ClCompile>
    <ClCompile Include="Ball.cpp">
      <Filter>SourceFiles\Game\GameObjects</Filter>
    </ClCompile>
    <ClCompile Include="Boing.cpp">
      <Filter>SourceFiles\Game\GameObjects</Filter>
    </ClCompile>
    <ClCompile Include="Flipper.cpp">
      <Filter>SourceFiles\Game\GameObjects</Filter>
    </ClCompile>
    <ClCompile Include="Boss.cpp">
      <Filter>SourceFiles\Game\GameObjects</Filter>
    </ClCompile>
    <ClCompile Include="Sensor.cpp">
      <Filter>SourceFiles\Game\GameObjects</Filter>
    </ClCompile>
    <ClCompile Include="Spring.cpp">
      <Filter>SourceFiles\Game\GameObjects</Filter>
    </ClCompile>
    <ClCompile Include="PolygonBoing.cpp">
      <Filter>SourceFiles\Game\GameObjects</Filter>
    </ClCompile>
    <ClCompile Include="PhysLayerL.cpp">
      <Filter>SourceFiles\Game\GameObjects</Filter>
    </ClCompile>
    <ClCompile Include="ScoreSystem.cpp">
      <Filter>SourceFiles\Game</Filter>
    </ClCompile>
    <ClCompile Include="Coins.cpp">
      <Filter>SourceFiles\Game\GameObjects</Filter>
    </ClCompile>
  </ItemGroup>
  <ItemGroup>
    <ClInclude Include="Animation.h">
      <Filter>HeaderFiles\Engine\Tools</Filter>
    </ClInclude>
    <ClInclude Include="Application.h">
      <Filter>HeaderFiles\Engine\Application</Filter>
    </ClInclude>
    <ClInclude Include="GameObject.h">
      <Filter>HeaderFiles\Engine\BaseClasses</Filter>
    </ClInclude>
    <ClInclude Include="Globals.h">
      <Filter>HeaderFiles\Engine\Application</Filter>
    </ClInclude>
    <ClInclude Include="List.h">
      <Filter>HeaderFiles\Engine\Tools</Filter>
    </ClInclude>
    <ClInclude Include="MemLeaks.h">
      <Filter>HeaderFiles\Engine\Application</Filter>
    </ClInclude>
    <ClInclude Include="Module.h">
      <Filter>HeaderFiles\Engine\Modules</Filter>
    </ClInclude>
    <ClInclude Include="ModuleAudio.h">
      <Filter>HeaderFiles\Engine\Modules</Filter>
    </ClInclude>
    <ClInclude Include="ModuleInput.h">
      <Filter>HeaderFiles\Engine\Modules</Filter>
    </ClInclude>
    <ClInclude Include="ModulePhysics.h">
      <Filter>HeaderFiles\Engine\Modules</Filter>
    </ClInclude>
    <ClInclude Include="ModulePlayer.h">
      <Filter>HeaderFiles\Engine\Modules</Filter>
    </ClInclude>
    <ClInclude Include="ModuleRender.h">
      <Filter>HeaderFiles\Engine\Modules</Filter>
    </ClInclude>
    <ClInclude Include="ModuleScene.h">
      <Filter>HeaderFiles\Engine\Modules</Filter>
    </ClInclude>
    <ClInclude Include="ModuleTextures.h">
      <Filter>HeaderFiles\Engine\Modules</Filter>
    </ClInclude>
    <ClInclude Include="ModuleUI.h">
      <Filter>HeaderFiles\Engine\Modules</Filter>
    </ClInclude>
    <ClInclude Include="ModuleWindow.h">
      <Filter>HeaderFiles\Engine\Modules</Filter>
    </ClInclude>
    <ClInclude Include="p2DynArray.h">
      <Filter>HeaderFiles\Engine\Tools</Filter>
    </ClInclude>
    <ClInclude Include="p2List.h">
      <Filter>HeaderFiles\Engine\Tools</Filter>
    </ClInclude>
    <ClInclude Include="Point.h">
      <Filter>HeaderFiles\Engine\Tools</Filter>
    </ClInclude>
    <ClInclude Include="Scene.h">
      <Filter>HeaderFiles\Engine\BaseClasses</Filter>
    </ClInclude>
    <ClInclude Include="Timer.h">
      <Filter>HeaderFiles\Engine\Tools</Filter>
    </ClInclude>
    <ClInclude Include="SceneMain.h">
      <Filter>HeaderFiles\Game</Filter>
    </ClInclude>
    <ClInclude Include="SceneDebug1.h">
      <Filter>HeaderFiles\Game</Filter>
    </ClInclude>
    <ClInclude Include="SceneDebug2.h">
      <Filter>HeaderFiles\Game</Filter>
    </ClInclude>
    <ClInclude Include="SceneDebug3.h">
      <Filter>HeaderFiles\Game</Filter>
    </ClInclude>
    <ClInclude Include="SceneIntro.h">
      <Filter>HeaderFiles\Game</Filter>
    </ClInclude>
    <ClInclude Include="SceneGame.h">
      <Filter>HeaderFiles\Game</Filter>
    </ClInclude>
    <ClInclude Include="Boss.h">
      <Filter>HeaderFiles\Game\GameObjects</Filter>
    </ClInclude>
    <ClInclude Include="Ball.h">
      <Filter>HeaderFiles\Game\GameObjects</Filter>
    </ClInclude>
    <ClInclude Include="Boing.h">
      <Filter>HeaderFiles\Game\GameObjects</Filter>
    </ClInclude>
    <ClInclude Include="Flipper.h">
      <Filter>HeaderFiles\Game\GameObjects</Filter>
    </ClInclude>
    <ClInclude Include="Sensor.h">
      <Filter>HeaderFiles\Game\GameObjects</Filter>
    </ClInclude>
    <ClInclude Include="Spring.h">
      <Filter>HeaderFiles\Game\GameObjects</Filter>
    </ClInclude>
    <ClInclude Include="PolygonBoing.h">
      <Filter>HeaderFiles\Game\GameObjects</Filter>
    </ClInclude>
    <ClInclude Include="PhysLayerL.h">
      <Filter>HeaderFiles\Game\GameObjects</Filter>
    </ClInclude>
    <ClInclude Include="ScoreSystem.h">
      <Filter>HeaderFiles\Game</Filter>
    </ClInclude>
    <ClInclude Include="Coins.h">
      <Filter>HeaderFiles\Game\GameObjects</Filter>
    </ClInclude>
  </ItemGroup>
  <ItemGroup>
    <Filter Include="SourceFiles">
      <UniqueIdentifier>{acea116e-0434-4eed-bb7c-1e0d54b9b844}</UniqueIdentifier>
    </Filter>
    <Filter Include="SourceFiles\Engine">
      <UniqueIdentifier>{ba7f6d57-6773-448d-be69-1d5ad3efafb5}</UniqueIdentifier>
    </Filter>
    <Filter Include="SourceFiles\Engine\Application">
      <UniqueIdentifier>{cebad247-0147-4b48-9ba2-091aff9234a7}</UniqueIdentifier>
    </Filter>
    <Filter Include="SourceFiles\Engine\Modules">
      <UniqueIdentifier>{53bee521-177f-4b1f-b212-33fe2921e538}</UniqueIdentifier>
    </Filter>
    <Filter Include="HeaderFiles">
      <UniqueIdentifier>{2937d486-6e6d-4b67-b5b0-5ec3aebacbbc}</UniqueIdentifier>
    </Filter>
    <Filter Include="HeaderFiles\Engine">
      <UniqueIdentifier>{ff697247-3ebf-4c58-9d87-bc4abebb8a6d}</UniqueIdentifier>
    </Filter>
    <Filter Include="HeaderFiles\Engine\Application">
      <UniqueIdentifier>{cf766574-8c47-43fe-ad9e-b99c30b17acf}</UniqueIdentifier>
    </Filter>
    <Filter Include="HeaderFiles\Engine\Modules">
      <UniqueIdentifier>{bce7aaa8-cb60-456b-90c0-9f3573b92afe}</UniqueIdentifier>
    </Filter>
    <Filter Include="HeaderFiles\Engine\Tools">
      <UniqueIdentifier>{63790ed0-e705-4cea-a5ea-ae468cc0a9b2}</UniqueIdentifier>
    </Filter>
    <Filter Include="SourceFiles\Game">
      <UniqueIdentifier>{94f2720e-4344-4d0d-9bf7-b3654f77a5a1}</UniqueIdentifier>
    </Filter>
    <Filter Include="HeaderFiles\Game">
      <UniqueIdentifier>{f51c28e1-7e4f-4f28-945e-213744fc27c7}</UniqueIdentifier>
    </Filter>
    <Filter Include="SourceFiles\Engine\BaseClasses">
      <UniqueIdentifier>{cd52fadd-93a4-4dc0-95e8-d9cabfcea7d2}</UniqueIdentifier>
    </Filter>
    <Filter Include="HeaderFiles\Engine\BaseClasses">
      <UniqueIdentifier>{2f6209ba-75db-40a7-9937-b75a2b1ecc1b}</UniqueIdentifier>
    </Filter>
    <Filter Include="SourceFiles\Game\GameObjects">
      <UniqueIdentifier>{3e16a85a-d2d8-4b39-bec0-eedc2bf3dacd}</UniqueIdentifier>
    </Filter>
    <Filter Include="HeaderFiles\Game\GameObjects">
      <UniqueIdentifier>{a469e793-f45d-402c-b315-45f3c2a9ce95}</UniqueIdentifier>
    </Filter>
  </ItemGroup>
</Project>
